// !$*UTF8*$!
{
	archiveVersion = 1;
	classes = {
	};
	objectVersion = 56;
	objects = {

/* Begin PBXBuildFile section */
		5A29A47D2B5F3E7B00C1F8CE /* ChecklistItem.swift in Sources */ = {isa = PBXBuildFile; fileRef = 5A29A47C2B5F3E7B00C1F8CE /* ChecklistItem.swift */; };
		5A5DBD6E2B6C70E8007002FE /* DataModel.swift in Sources */ = {isa = PBXBuildFile; fileRef = 5A5DBD6D2B6C70E8007002FE /* DataModel.swift */; };
		5ABE6A412B61EF8400760E8D /* ItemDetailViewController.swift in Sources */ = {isa = PBXBuildFile; fileRef = 5ABE6A402B61EF8400760E8D /* ItemDetailViewController.swift */; };
		5ACF12E62B6B1F57008D9C35 /* AllListsViewController.swift in Sources */ = {isa = PBXBuildFile; fileRef = 5ACF12E52B6B1F57008D9C35 /* AllListsViewController.swift */; };
		5ACF12E82B6B27FA008D9C35 /* Checklist.swift in Sources */ = {isa = PBXBuildFile; fileRef = 5ACF12E72B6B27FA008D9C35 /* Checklist.swift */; };
		5ACF12EA2B6B2F22008D9C35 /* ListDetailViewController.swift in Sources */ = {isa = PBXBuildFile; fileRef = 5ACF12E92B6B2F22008D9C35 /* ListDetailViewController.swift */; };
		5AD7DDD72B5D801800DD5E04 /* AppDelegate.swift in Sources */ = {isa = PBXBuildFile; fileRef = 5AD7DDD62B5D801800DD5E04 /* AppDelegate.swift */; };
		5AD7DDD92B5D801800DD5E04 /* SceneDelegate.swift in Sources */ = {isa = PBXBuildFile; fileRef = 5AD7DDD82B5D801800DD5E04 /* SceneDelegate.swift */; };
		5AD7DDDE2B5D801800DD5E04 /* Main.storyboard in Resources */ = {isa = PBXBuildFile; fileRef = 5AD7DDDC2B5D801800DD5E04 /* Main.storyboard */; };
		5AD7DDE12B5D801800DD5E04 /* Checklists.xcdatamodeld in Sources */ = {isa = PBXBuildFile; fileRef = 5AD7DDDF2B5D801800DD5E04 /* Checklists.xcdatamodeld */; };
		5AD7DDE32B5D801B00DD5E04 /* Assets.xcassets in Resources */ = {isa = PBXBuildFile; fileRef = 5AD7DDE22B5D801B00DD5E04 /* Assets.xcassets */; };
		5AD7DDE62B5D801B00DD5E04 /* LaunchScreen.storyboard in Resources */ = {isa = PBXBuildFile; fileRef = 5AD7DDE42B5D801B00DD5E04 /* LaunchScreen.storyboard */; };
		5AD7DDEE2B5D82A800DD5E04 /* ChecklistViewController.swift in Sources */ = {isa = PBXBuildFile; fileRef = 5AD7DDED2B5D82A800DD5E04 /* ChecklistViewController.swift */; };
/* End PBXBuildFile section */

/* Begin PBXFileReference section */
		5A29A47C2B5F3E7B00C1F8CE /* ChecklistItem.swift */ = {isa = PBXFileReference; lastKnownFileType = sourcecode.swift; path = ChecklistItem.swift; sourceTree = "<group>"; };
		5A5DBD6D2B6C70E8007002FE /* DataModel.swift */ = {isa = PBXFileReference; lastKnownFileType = sourcecode.swift; path = DataModel.swift; sourceTree = "<group>"; };
		5ABE6A402B61EF8400760E8D /* ItemDetailViewController.swift */ = {isa = PBXFileReference; lastKnownFileType = sourcecode.swift; path = ItemDetailViewController.swift; sourceTree = "<group>"; };
		5ACF12E52B6B1F57008D9C35 /* AllListsViewController.swift */ = {isa = PBXFileReference; lastKnownFileType = sourcecode.swift; path = AllListsViewController.swift; sourceTree = "<group>"; };
		5ACF12E72B6B27FA008D9C35 /* Checklist.swift */ = {isa = PBXFileReference; lastKnownFileType = sourcecode.swift; path = Checklist.swift; sourceTree = "<group>"; };
		5ACF12E92B6B2F22008D9C35 /* ListDetailViewController.swift */ = {isa = PBXFileReference; lastKnownFileType = sourcecode.swift; path = ListDetailViewController.swift; sourceTree = "<group>"; };
		5AD7DDD32B5D801800DD5E04 /* Checklists.app */ = {isa = PBXFileReference; explicitFileType = wrapper.application; includeInIndex = 0; path = Checklists.app; sourceTree = BUILT_PRODUCTS_DIR; };
		5AD7DDD62B5D801800DD5E04 /* AppDelegate.swift */ = {isa = PBXFileReference; lastKnownFileType = sourcecode.swift; path = AppDelegate.swift; sourceTree = "<group>"; };
		5AD7DDD82B5D801800DD5E04 /* SceneDelegate.swift */ = {isa = PBXFileReference; lastKnownFileType = sourcecode.swift; path = SceneDelegate.swift; sourceTree = "<group>"; };
		5AD7DDDD2B5D801800DD5E04 /* Base */ = {isa = PBXFileReference; lastKnownFileType = file.storyboard; name = Base; path = Base.lproj/Main.storyboard; sourceTree = "<group>"; };
		5AD7DDE02B5D801800DD5E04 /* Checklists.xcdatamodel */ = {isa = PBXFileReference; lastKnownFileType = wrapper.xcdatamodel; path = Checklists.xcdatamodel; sourceTree = "<group>"; };
		5AD7DDE22B5D801B00DD5E04 /* Assets.xcassets */ = {isa = PBXFileReference; lastKnownFileType = folder.assetcatalog; path = Assets.xcassets; sourceTree = "<group>"; };
		5AD7DDE52B5D801B00DD5E04 /* Base */ = {isa = PBXFileReference; lastKnownFileType = file.storyboard; name = Base; path = Base.lproj/LaunchScreen.storyboard; sourceTree = "<group>"; };
		5AD7DDE72B5D801B00DD5E04 /* Info.plist */ = {isa = PBXFileReference; lastKnownFileType = text.plist.xml; path = Info.plist; sourceTree = "<group>"; };
		5AD7DDED2B5D82A800DD5E04 /* ChecklistViewController.swift */ = {isa = PBXFileReference; fileEncoding = 4; lastKnownFileType = sourcecode.swift; path = ChecklistViewController.swift; sourceTree = "<group>"; };
/* End PBXFileReference section */

/* Begin PBXFrameworksBuildPhase section */
		5AD7DDD02B5D801800DD5E04 /* Frameworks */ = {
			isa = PBXFrameworksBuildPhase;
			buildActionMask = 2147483647;
			files = (
			);
			runOnlyForDeploymentPostprocessing = 0;
		};
/* End PBXFrameworksBuildPhase section */

/* Begin PBXGroup section */
		5AD7DDCA2B5D801800DD5E04 = {
			isa = PBXGroup;
			children = (
				5AD7DDD52B5D801800DD5E04 /* Checklists */,
				5AD7DDD42B5D801800DD5E04 /* Products */,
			);
			sourceTree = "<group>";
		};
		5AD7DDD42B5D801800DD5E04 /* Products */ = {
			isa = PBXGroup;
			children = (
				5AD7DDD32B5D801800DD5E04 /* Checklists.app */,
			);
			name = Products;
			sourceTree = "<group>";
		};
		5AD7DDD52B5D801800DD5E04 /* Checklists */ = {
			isa = PBXGroup;
			children = (
				5A5DBD6D2B6C70E8007002FE /* DataModel.swift */,
				5ACF12E92B6B2F22008D9C35 /* ListDetailViewController.swift */,
				5ACF12E72B6B27FA008D9C35 /* Checklist.swift */,
				5ACF12E52B6B1F57008D9C35 /* AllListsViewController.swift */,
				5ABE6A402B61EF8400760E8D /* ItemDetailViewController.swift */,
				5AD7DDD62B5D801800DD5E04 /* AppDelegate.swift */,
				5AD7DDD82B5D801800DD5E04 /* SceneDelegate.swift */,
				5AD7DDED2B5D82A800DD5E04 /* ChecklistViewController.swift */,
				5AD7DDDC2B5D801800DD5E04 /* Main.storyboard */,
				5AD7DDE22B5D801B00DD5E04 /* Assets.xcassets */,
				5AD7DDE42B5D801B00DD5E04 /* LaunchScreen.storyboard */,
				5AD7DDE72B5D801B00DD5E04 /* Info.plist */,
				5AD7DDDF2B5D801800DD5E04 /* Checklists.xcdatamodeld */,
				5A29A47C2B5F3E7B00C1F8CE /* ChecklistItem.swift */,
			);
			path = Checklists;
			sourceTree = "<group>";
		};
/* End PBXGroup section */

/* Begin PBXNativeTarget section */
		5AD7DDD22B5D801800DD5E04 /* Checklists */ = {
			isa = PBXNativeTarget;
			buildConfigurationList = 5AD7DDEA2B5D801B00DD5E04 /* Build configuration list for PBXNativeTarget "Checklists" */;
			buildPhases = (
				5AD7DDCF2B5D801800DD5E04 /* Sources */,
				5AD7DDD02B5D801800DD5E04 /* Frameworks */,
				5AD7DDD12B5D801800DD5E04 /* Resources */,
			);
			buildRules = (
			);
			dependencies = (
			);
			name = Checklists;
			productName = Checklists;
			productReference = 5AD7DDD32B5D801800DD5E04 /* Checklists.app */;
			productType = "com.apple.product-type.application";
		};
/* End PBXNativeTarget section */

/* Begin PBXProject section */
		5AD7DDCB2B5D801800DD5E04 /* Project object */ = {
			isa = PBXProject;
			attributes = {
				BuildIndependentTargetsInParallel = 1;
				LastSwiftUpdateCheck = 1520;
				LastUpgradeCheck = 1520;
				TargetAttributes = {
					5AD7DDD22B5D801800DD5E04 = {
						CreatedOnToolsVersion = 15.2;
					};
				};
			};
			buildConfigurationList = 5AD7DDCE2B5D801800DD5E04 /* Build configuration list for PBXProject "Checklists" */;
			compatibilityVersion = "Xcode 14.0";
			developmentRegion = en;
			hasScannedForEncodings = 0;
			knownRegions = (
				en,
				Base,
			);
			mainGroup = 5AD7DDCA2B5D801800DD5E04;
			productRefGroup = 5AD7DDD42B5D801800DD5E04 /* Products */;
			projectDirPath = "";
			projectRoot = "";
			targets = (
				5AD7DDD22B5D801800DD5E04 /* Checklists */,
			);
		};
/* End PBXProject section */

/* Begin PBXResourcesBuildPhase section */
		5AD7DDD12B5D801800DD5E04 /* Resources */ = {
			isa = PBXResourcesBuildPhase;
			buildActionMask = 2147483647;
			files = (
				5AD7DDE62B5D801B00DD5E04 /* LaunchScreen.storyboard in Resources */,
				5AD7DDE32B5D801B00DD5E04 /* Assets.xcassets in Resources */,
				5AD7DDDE2B5D801800DD5E04 /* Main.storyboard in Resources */,
			);
			runOnlyForDeploymentPostprocessing = 0;
		};
/* End PBXResourcesBuildPhase section */

/* Begin PBXSourcesBuildPhase section */
		5AD7DDCF2B5D801800DD5E04 /* Sources */ = {
			isa = PBXSourcesBuildPhase;
			buildActionMask = 2147483647;
			files = (
				5AD7DDE12B5D801800DD5E04 /* Checklists.xcdatamodeld in Sources */,
				5ACF12E62B6B1F57008D9C35 /* AllListsViewController.swift in Sources */,
				5A29A47D2B5F3E7B00C1F8CE /* ChecklistItem.swift in Sources */,
				5AD7DDD72B5D801800DD5E04 /* AppDelegate.swift in Sources */,
				5ACF12E82B6B27FA008D9C35 /* Checklist.swift in Sources */,
				5A5DBD6E2B6C70E8007002FE /* DataModel.swift in Sources */,
				5AD7DDEE2B5D82A800DD5E04 /* ChecklistViewController.swift in Sources */,
				5ACF12EA2B6B2F22008D9C35 /* ListDetailViewController.swift in Sources */,
				5AD7DDD92B5D801800DD5E04 /* SceneDelegate.swift in Sources */,
				5ABE6A412B61EF8400760E8D /* ItemDetailViewController.swift in Sources */,
			);
			runOnlyForDeploymentPostprocessing = 0;
		};
/* End PBXSourcesBuildPhase section */

/* Begin PBXVariantGroup section */
		5AD7DDDC2B5D801800DD5E04 /* Main.storyboard */ = {
			isa = PBXVariantGroup;
			children = (
				5AD7DDDD2B5D801800DD5E04 /* Base */,
			);
			name = Main.storyboard;
			sourceTree = "<group>";
		};
		5AD7DDE42B5D801B00DD5E04 /* LaunchScreen.storyboard */ = {
			isa = PBXVariantGroup;
			children = (
				5AD7DDE52B5D801B00DD5E04 /* Base */,
			);
			name = LaunchScreen.storyboard;
			sourceTree = "<group>";
		};
/* End PBXVariantGroup section */

/* Begin XCBuildConfiguration section */
		5AD7DDE82B5D801B00DD5E04 /* Debug */ = {
			isa = XCBuildConfiguration;
			buildSettings = {
				ALWAYS_SEARCH_USER_PATHS = NO;
				ASSETCATALOG_COMPILER_GENERATE_SWIFT_ASSET_SYMBOL_EXTENSIONS = YES;
				CLANG_ANALYZER_NONNULL = YES;
				CLANG_ANALYZER_NUMBER_OBJECT_CONVERSION = YES_AGGRESSIVE;
				CLANG_CXX_LANGUAGE_STANDARD = "gnu++20";
				CLANG_ENABLE_MODULES = YES;
				CLANG_ENABLE_OBJC_ARC = YES;
				CLANG_ENABLE_OBJC_WEAK = YES;
				CLANG_WARN_BLOCK_CAPTURE_AUTORELEASING = YES;
				CLANG_WARN_BOOL_CONVERSION = YES;
				CLANG_WARN_COMMA = YES;
				CLANG_WARN_CONSTANT_CONVERSION = YES;
				CLANG_WARN_DEPRECATED_OBJC_IMPLEMENTATIONS = YES;
				CLANG_WARN_DIRECT_OBJC_ISA_USAGE = YES_ERROR;
				CLANG_WARN_DOCUMENTATION_COMMENTS = YES;
				CLANG_WARN_EMPTY_BODY = YES;
				CLANG_WARN_ENUM_CONVERSION = YES;
				CLANG_WARN_INFINITE_RECURSION = YES;
				CLANG_WARN_INT_CONVERSION = YES;
				CLANG_WARN_NON_LITERAL_NULL_CONVERSION = YES;
				CLANG_WARN_OBJC_IMPLICIT_RETAIN_SELF = YES;
				CLANG_WARN_OBJC_LITERAL_CONVERSION = YES;
				CLANG_WARN_OBJC_ROOT_CLASS = YES_ERROR;
				CLANG_WARN_QUOTED_INCLUDE_IN_FRAMEWORK_HEADER = YES;
				CLANG_WARN_RANGE_LOOP_ANALYSIS = YES;
				CLANG_WARN_STRICT_PROTOTYPES = YES;
				CLANG_WARN_SUSPICIOUS_MOVE = YES;
				CLANG_WARN_UNGUARDED_AVAILABILITY = YES_AGGRESSIVE;
				CLANG_WARN_UNREACHABLE_CODE = YES;
				CLANG_WARN__DUPLICATE_METHOD_MATCH = YES;
				COPY_PHASE_STRIP = NO;
				DEBUG_INFORMATION_FORMAT = dwarf;
				ENABLE_STRICT_OBJC_MSGSEND = YES;
				ENABLE_TESTABILITY = YES;
				ENABLE_USER_SCRIPT_SANDBOXING = YES;
				GCC_C_LANGUAGE_STANDARD = gnu17;
				GCC_DYNAMIC_NO_PIC = NO;
				GCC_NO_COMMON_BLOCKS = YES;
				GCC_OPTIMIZATION_LEVEL = 0;
				GCC_PREPROCESSOR_DEFINITIONS = (
					"DEBUG=1",
					"$(inherited)",
				);
				GCC_WARN_64_TO_32_BIT_CONVERSION = YES;
				GCC_WARN_ABOUT_RETURN_TYPE = YES_ERROR;
				GCC_WARN_UNDECLARED_SELECTOR = YES;
				GCC_WARN_UNINITIALIZED_AUTOS = YES_AGGRESSIVE;
				GCC_WARN_UNUSED_FUNCTION = YES;
				GCC_WARN_UNUSED_VARIABLE = YES;
				IPHONEOS_DEPLOYMENT_TARGET = 17.2;
				LOCALIZATION_PREFERS_STRING_CATALOGS = YES;
				MTL_ENABLE_DEBUG_INFO = INCLUDE_SOURCE;
				MTL_FAST_MATH = YES;
				ONLY_ACTIVE_ARCH = YES;
				SDKROOT = iphoneos;
				SWIFT_ACTIVE_COMPILATION_CONDITIONS = "DEBUG $(inherited)";
				SWIFT_OPTIMIZATION_LEVEL = "-Onone";
			};
			name = Debug;
		};
		5AD7DDE92B5D801B00DD5E04 /* Release */ = {
			isa = XCBuildConfiguration;
			buildSettings = {
				ALWAYS_SEARCH_USER_PATHS = NO;
				ASSETCATALOG_COMPILER_GENERATE_SWIFT_ASSET_SYMBOL_EXTENSIONS = YES;
				CLANG_ANALYZER_NONNULL = YES;
				CLANG_ANALYZER_NUMBER_OBJECT_CONVERSION = YES_AGGRESSIVE;
				CLANG_CXX_LANGUAGE_STANDARD = "gnu++20";
				CLANG_ENABLE_MODULES = YES;
				CLANG_ENABLE_OBJC_ARC = YES;
				CLANG_ENABLE_OBJC_WEAK = YES;
				CLANG_WARN_BLOCK_CAPTURE_AUTORELEASING = YES;
				CLANG_WARN_BOOL_CONVERSION = YES;
				CLANG_WARN_COMMA = YES;
				CLANG_WARN_CONSTANT_CONVERSION = YES;
				CLANG_WARN_DEPRECATED_OBJC_IMPLEMENTATIONS = YES;
				CLANG_WARN_DIRECT_OBJC_ISA_USAGE = YES_ERROR;
				CLANG_WARN_DOCUMENTATION_COMMENTS = YES;
				CLANG_WARN_EMPTY_BODY = YES;
				CLANG_WARN_ENUM_CONVERSION = YES;
				CLANG_WARN_INFINITE_RECURSION = YES;
				CLANG_WARN_INT_CONVERSION = YES;
				CLANG_WARN_NON_LITERAL_NULL_CONVERSION = YES;
				CLANG_WARN_OBJC_IMPLICIT_RETAIN_SELF = YES;
				CLANG_WARN_OBJC_LITERAL_CONVERSION = YES;
				CLANG_WARN_OBJC_ROOT_CLASS = YES_ERROR;
				CLANG_WARN_QUOTED_INCLUDE_IN_FRAMEWORK_HEADER = YES;
				CLANG_WARN_RANGE_LOOP_ANALYSIS = YES;
				CLANG_WARN_STRICT_PROTOTYPES = YES;
				CLANG_WARN_SUSPICIOUS_MOVE = YES;
				CLANG_WARN_UNGUARDED_AVAILABILITY = YES_AGGRESSIVE;
				CLANG_WARN_UNREACHABLE_CODE = YES;
				CLANG_WARN__DUPLICATE_METHOD_MATCH = YES;
				COPY_PHASE_STRIP = NO;
				DEBUG_INFORMATION_FORMAT = "dwarf-with-dsym";
				ENABLE_NS_ASSERTIONS = NO;
				ENABLE_STRICT_OBJC_MSGSEND = YES;
				ENABLE_USER_SCRIPT_SANDBOXING = YES;
				GCC_C_LANGUAGE_STANDARD = gnu17;
				GCC_NO_COMMON_BLOCKS = YES;
				GCC_WARN_64_TO_32_BIT_CONVERSION = YES;
				GCC_WARN_ABOUT_RETURN_TYPE = YES_ERROR;
				GCC_WARN_UNDECLARED_SELECTOR = YES;
				GCC_WARN_UNINITIALIZED_AUTOS = YES_AGGRESSIVE;
				GCC_WARN_UNUSED_FUNCTION = YES;
				GCC_WARN_UNUSED_VARIABLE = YES;
				IPHONEOS_DEPLOYMENT_TARGET = 17.2;
				LOCALIZATION_PREFERS_STRING_CATALOGS = YES;
				MTL_ENABLE_DEBUG_INFO = NO;
				MTL_FAST_MATH = YES;
				SDKROOT = iphoneos;
				SWIFT_COMPILATION_MODE = wholemodule;
				VALIDATE_PRODUCT = YES;
			};
			name = Release;
		};
		5AD7DDEB2B5D801B00DD5E04 /* Debug */ = {
			isa = XCBuildConfiguration;
			buildSettings = {
				ASSETCATALOG_COMPILER_APPICON_NAME = AppIcon;
				ASSETCATALOG_COMPILER_GLOBAL_ACCENT_COLOR_NAME = AccentColor;
				CODE_SIGN_STYLE = Automatic;
				CURRENT_PROJECT_VERSION = 1;
				DEVELOPMENT_TEAM = 69NRJ2XU59;
				GENERATE_INFOPLIST_FILE = YES;
				INFOPLIST_FILE = Checklists/Info.plist;
				INFOPLIST_KEY_UIApplicationSupportsIndirectInputEvents = YES;
				INFOPLIST_KEY_UILaunchStoryboardName = LaunchScreen;
				INFOPLIST_KEY_UIMainStoryboardFile = Main;
				INFOPLIST_KEY_UISupportedInterfaceOrientations = UIInterfaceOrientationPortrait;
				LD_RUNPATH_SEARCH_PATHS = (
					"$(inherited)",
					"@executable_path/Frameworks",
				);
				MARKETING_VERSION = 1.0;
				PRODUCT_BUNDLE_IDENTIFIER = com.smitristin.Checklists;
				PRODUCT_NAME = "$(TARGET_NAME)";
				SWIFT_EMIT_LOC_STRINGS = YES;
				SWIFT_VERSION = 5.0;
				TARGETED_DEVICE_FAMILY = "1,2";
			};
			name = Debug;
		};
		5AD7DDEC2B5D801B00DD5E04 /* Release */ = {
			isa = XCBuildConfiguration;
			buildSettings = {
				ASSETCATALOG_COMPILER_APPICON_NAME = AppIcon;
				ASSETCATALOG_COMPILER_GLOBAL_ACCENT_COLOR_NAME = AccentColor;
				CODE_SIGN_STYLE = Automatic;
				CURRENT_PROJECT_VERSION = 1;
				DEVELOPMENT_TEAM = 69NRJ2XU59;
				GENERATE_INFOPLIST_FILE = YES;
				INFOPLIST_FILE = Checklists/Info.plist;
				INFOPLIST_KEY_UIApplicationSupportsIndirectInputEvents = YES;
				INFOPLIST_KEY_UILaunchStoryboardName = LaunchScreen;
				INFOPLIST_KEY_UIMainStoryboardFile = Main;
				INFOPLIST_KEY_UISupportedInterfaceOrientations = UIInterfaceOrientationPortrait;
				LD_RUNPATH_SEARCH_PATHS = (
					"$(inherited)",
					"@executable_path/Frameworks",
				);
				MARKETING_VERSION = 1.0;
				PRODUCT_BUNDLE_IDENTIFIER = com.smitristin.Checklists;
				PRODUCT_NAME = "$(TARGET_NAME)";
				SWIFT_EMIT_LOC_STRINGS = YES;
				SWIFT_VERSION = 5.0;
				TARGETED_DEVICE_FAMILY = "1,2";
			};
			name = Release;
		};
/* End XCBuildConfiguration section */

/* Begin XCConfigurationList section */
		5AD7DDCE2B5D801800DD5E04 /* Build configuration list for PBXProject "Checklists" */ = {
			isa = XCConfigurationList;
			buildConfigurations = (
				5AD7DDE82B5D801B00DD5E04 /* Debug */,
				5AD7DDE92B5D801B00DD5E04 /* Release */,
			);
			defaultConfigurationIsVisible = 0;
			defaultConfigurationName = Release;
		};
		5AD7DDEA2B5D801B00DD5E04 /* Build configuration list for PBXNativeTarget "Checklists" */ = {
			isa = XCConfigurationList;
			buildConfigurations = (
				5AD7DDEB2B5D801B00DD5E04 /* Debug */,
				5AD7DDEC2B5D801B00DD5E04 /* Release */,
			);
			defaultConfigurationIsVisible = 0;
			defaultConfigurationName = Release;
		};
/* End XCConfigurationList section */

/* Begin XCVersionGroup section */
		5AD7DDDF2B5D801800DD5E04 /* Checklists.xcdatamodeld */ = {
			isa = XCVersionGroup;
			children = (
				5AD7DDE02B5D801800DD5E04 /* Checklists.xcdatamodel */,
			);
			currentVersion = 5AD7DDE02B5D801800DD5E04 /* Checklists.xcdatamodel */;
			path = Checklists.xcdatamodeld;
			sourceTree = "<group>";
			versionGroupType = wrapper.xcdatamodel;
		};
/* End XCVersionGroup section */
	};
	rootObject = 5AD7DDCB2B5D801800DD5E04 /* Project object */;
}
